
Microsoft Visual Studio Solution File, Format Version 12.00
# Visual Studio Version 16
VisualStudioVersion = 16.0.31129.286
MinimumVisualStudioVersion = 10.0.40219.1
Project("{9A19103F-16F7-4668-BE54-9A1E7A4F7556}") = "Book", "Book\Book.csproj", "{FA4A10EC-FDEB-4146-B842-6997DBD0DC8B}"
EndProject
Project("{FAE04EC0-301F-11D3-BF4B-00C04F79EFBC}") = "Models", "Models\Models.csproj", "{8457B0B3-937D-4909-A2A1-F2C36624EC5B}"
EndProject
Global
	GlobalSection(SolutionConfigurationPlatforms) = preSolution
		Debug|Any CPU = Debug|Any CPU
		Release|Any CPU = Release|Any CPU
	EndGlobalSection
	GlobalSection(ProjectConfigurationPlatforms) = postSolution
		{FA4A10EC-FDEB-4146-B842-6997DBD0DC8B}.Debug|Any CPU.ActiveCfg = Debug|Any CPU
		{FA4A10EC-FDEB-4146-B842-6997DBD0DC8B}.Debug|Any CPU.Build.0 = Debug|Any CPU
		{FA4A10EC-FDEB-4146-B842-6997DBD0DC8B}.Release|Any CPU.ActiveCfg = Release|Any CPU
		{FA4A10EC-FDEB-4146-B842-6997DBD0DC8B}.Release|Any CPU.Build.0 = Release|Any CPU
		{8457B0B3-937D-4909-A2A1-F2C36624EC5B}.Debug|Any CPU.ActiveCfg = Debug|Any CPU
		{8457B0B3-937D-4909-A2A1-F2C36624EC5B}.Debug|Any CPU.Build.0 = Debug|Any CPU
		{8457B0B3-937D-4909-A2A1-F2C36624EC5B}.Release|Any CPU.ActiveCfg = Release|Any CPU
		{8457B0B3-937D-4909-A2A1-F2C36624EC5B}.Release|Any CPU.Build.0 = Release|Any CPU
	EndGlobalSection
	GlobalSection(SolutionProperties) = preSolution
		HideSolutionNode = FALSE
	EndGlobalSection
	GlobalSection(ExtensibilityGlobals) = postSolution
		SolutionGuid = {B16501B9-55A8-42C2-B7EF-2B0CF0FDC715}
	EndGlobalSection
EndGlobal
